
Microsoft Visual Studio Solution File, Format Version 12.00
# Visual Studio Version 17
VisualStudioVersion = 17.14.36518.9
MinimumVisualStudioVersion = 10.0.40219.1
Project("{FAE04EC0-301F-11D3-BF4B-00C04F79EFBC}") = "Assessment1.Exercise1", "Assessment1.Exercise1\Assessment1.Exercise1.csproj", "{7DA2A6D0-EFD6-4A47-8768-BF1A1EECBE73}"
EndProject
Project("{FAE04EC0-301F-11D3-BF4B-00C04F79EFBC}") = "Assessment1.Exercise2", "Exercise2\Assessment1.Exercise2.csproj", "{FB970AE1-6004-4EFA-AA08-8F829869E544}"
EndProject
Project("{FAE04EC0-301F-11D3-BF4B-00C04F79EFBC}") = "Assessment1.Exercise3", "Assessment1.Exercise3\Assessment1.Exercise3.csproj", "{7317F432-C9EF-4A2F-B9B9-EFC32EE0F91F}"
EndProject
Project("{FAE04EC0-301F-11D3-BF4B-00C04F79EFBC}") = "Assessment1.Exercise4", "Assessment1.Exercise4\Assessment1.Exercise4.csproj", "{552D28F2-B0BD-4E34-B8D0-30ECA93701C4}"
EndProject
Project("{FAE04EC0-301F-11D3-BF4B-00C04F79EFBC}") = "Assessment1.Exercise6", "Assessment1.Exercise6\Assessment1.Exercise6.csproj", "{38F3B2D2-E50B-4AC2-9BA3-06B5F86C900B}"
EndProject
Project("{FAE04EC0-301F-11D3-BF4B-00C04F79EFBC}") = "Assessment1.Exercise7", "Assessment1.Exercise7\Assessment1.Exercise7.csproj", "{5EB600A8-E411-4D7C-8C1D-A4D2D2A003CD}"
EndProject
Project("{FAE04EC0-301F-11D3-BF4B-00C04F79EFBC}") = "Assessment1.Exercise10", "Assessment1.Exercise10\Assessment1.Exercise10.csproj", "{5ECACCF2-0E0D-47FB-AC37-B43F0E0604E6}"
EndProject
Project("{FAE04EC0-301F-11D3-BF4B-00C04F79EFBC}") = "Assessment1.Exercise8", "Assessment1.Exercise8\Assessment1.Exercise8.csproj", "{5CE5EA6D-42CA-4C38-957C-54ACF4D47EF1}"
EndProject
Project("{FAE04EC0-301F-11D3-BF4B-00C04F79EFBC}") = "Assessment1.Exercise5", "Assessment1.Exercise5\Assessment1.Exercise5.csproj", "{02E87D7B-79AB-4D46-8795-0D65A3BC6924}"
EndProject
Project("{FAE04EC0-301F-11D3-BF4B-00C04F79EFBC}") = "Assessment1.Exercise9", "Assessment1.Exercise9\Assessment1.Exercise9.csproj", "{40B57DB8-5205-4850-8128-DDE397AAB91E}"
EndProject
Project("{FAE04EC0-301F-11D3-BF4B-00C04F79EFBC}") = "Assessment1.Exercise11", "Assessment1.Exercise11\Assessment1.Exercise11.csproj", "{61E74A93-DF64-49E0-9EF0-AAB80A7CC60D}"
EndProject
Global
	GlobalSection(SolutionConfigurationPlatforms) = preSolution
		Debug|Any CPU = Debug|Any CPU
		Release|Any CPU = Release|Any CPU
	EndGlobalSection
	GlobalSection(ProjectConfigurationPlatforms) = postSolution
		{7DA2A6D0-EFD6-4A47-8768-BF1A1EECBE73}.Debug|Any CPU.ActiveCfg = Debug|Any CPU
		{7DA2A6D0-EFD6-4A47-8768-BF1A1EECBE73}.Debug|Any CPU.Build.0 = Debug|Any CPU
		{7DA2A6D0-EFD6-4A47-8768-BF1A1EECBE73}.Release|Any CPU.ActiveCfg = Release|Any CPU
		{7DA2A6D0-EFD6-4A47-8768-BF1A1EECBE73}.Release|Any CPU.Build.0 = Release|Any CPU
		{FB970AE1-6004-4EFA-AA08-8F829869E544}.Debug|Any CPU.ActiveCfg = Debug|Any CPU
		{FB970AE1-6004-4EFA-AA08-8F829869E544}.Debug|Any CPU.Build.0 = Debug|Any CPU
		{FB970AE1-6004-4EFA-AA08-8F829869E544}.Release|Any CPU.ActiveCfg = Release|Any CPU
		{FB970AE1-6004-4EFA-AA08-8F829869E544}.Release|Any CPU.Build.0 = Release|Any CPU
		{7317F432-C9EF-4A2F-B9B9-EFC32EE0F91F}.Debug|Any CPU.ActiveCfg = Debug|Any CPU
		{7317F432-C9EF-4A2F-B9B9-EFC32EE0F91F}.Debug|Any CPU.Build.0 = Debug|Any CPU
		{7317F432-C9EF-4A2F-B9B9-EFC32EE0F91F}.Release|Any CPU.ActiveCfg = Release|Any CPU
		{7317F432-C9EF-4A2F-B9B9-EFC32EE0F91F}.Release|Any CPU.Build.0 = Release|Any CPU
		{552D28F2-B0BD-4E34-B8D0-30ECA93701C4}.Debug|Any CPU.ActiveCfg = Debug|Any CPU
		{552D28F2-B0BD-4E34-B8D0-30ECA93701C4}.Debug|Any CPU.Build.0 = Debug|Any CPU
		{552D28F2-B0BD-4E34-B8D0-30ECA93701C4}.Release|Any CPU.ActiveCfg = Release|Any CPU
		{552D28F2-B0BD-4E34-B8D0-30ECA93701C4}.Release|Any CPU.Build.0 = Release|Any CPU
		{38F3B2D2-E50B-4AC2-9BA3-06B5F86C900B}.Debug|Any CPU.ActiveCfg = Debug|Any CPU
		{38F3B2D2-E50B-4AC2-9BA3-06B5F86C900B}.Debug|Any CPU.Build.0 = Debug|Any CPU
		{38F3B2D2-E50B-4AC2-9BA3-06B5F86C900B}.Release|Any CPU.ActiveCfg = Release|Any CPU
		{38F3B2D2-E50B-4AC2-9BA3-06B5F86C900B}.Release|Any CPU.Build.0 = Release|Any CPU
		{5EB600A8-E411-4D7C-8C1D-A4D2D2A003CD}.Debug|Any CPU.ActiveCfg = Debug|Any CPU
		{5EB600A8-E411-4D7C-8C1D-A4D2D2A003CD}.Debug|Any CPU.Build.0 = Debug|Any CPU
		{5EB600A8-E411-4D7C-8C1D-A4D2D2A003CD}.Release|Any CPU.ActiveCfg = Release|Any CPU
		{5EB600A8-E411-4D7C-8C1D-A4D2D2A003CD}.Release|Any CPU.Build.0 = Release|Any CPU
		{5ECACCF2-0E0D-47FB-AC37-B43F0E0604E6}.Debug|Any CPU.ActiveCfg = Debug|Any CPU
		{5ECACCF2-0E0D-47FB-AC37-B43F0E0604E6}.Debug|Any CPU.Build.0 = Debug|Any CPU
		{5ECACCF2-0E0D-47FB-AC37-B43F0E0604E6}.Release|Any CPU.ActiveCfg = Release|Any CPU
		{5ECACCF2-0E0D-47FB-AC37-B43F0E0604E6}.Release|Any CPU.Build.0 = Release|Any CPU
		{5CE5EA6D-42CA-4C38-957C-54ACF4D47EF1}.Debug|Any CPU.ActiveCfg = Debug|Any CPU
		{5CE5EA6D-42CA-4C38-957C-54ACF4D47EF1}.Debug|Any CPU.Build.0 = Debug|Any CPU
		{5CE5EA6D-42CA-4C38-957C-54ACF4D47EF1}.Release|Any CPU.ActiveCfg = Release|Any CPU
		{5CE5EA6D-42CA-4C38-957C-54ACF4D47EF1}.Release|Any CPU.Build.0 = Release|Any CPU
		{02E87D7B-79AB-4D46-8795-0D65A3BC6924}.Debug|Any CPU.ActiveCfg = Debug|Any CPU
		{02E87D7B-79AB-4D46-8795-0D65A3BC6924}.Debug|Any CPU.Build.0 = Debug|Any CPU
		{02E87D7B-79AB-4D46-8795-0D65A3BC6924}.Release|Any CPU.ActiveCfg = Release|Any CPU
		{02E87D7B-79AB-4D46-8795-0D65A3BC6924}.Release|Any CPU.Build.0 = Release|Any CPU
		{40B57DB8-5205-4850-8128-DDE397AAB91E}.Debug|Any CPU.ActiveCfg = Debug|Any CPU
		{40B57DB8-5205-4850-8128-DDE397AAB91E}.Debug|Any CPU.Build.0 = Debug|Any CPU
		{40B57DB8-5205-4850-8128-DDE397AAB91E}.Release|Any CPU.ActiveCfg = Release|Any CPU
		{40B57DB8-5205-4850-8128-DDE397AAB91E}.Release|Any CPU.Build.0 = Release|Any CPU
		{61E74A93-DF64-49E0-9EF0-AAB80A7CC60D}.Debug|Any CPU.ActiveCfg = Debug|Any CPU
		{61E74A93-DF64-49E0-9EF0-AAB80A7CC60D}.Debug|Any CPU.Build.0 = Debug|Any CPU
		{61E74A93-DF64-49E0-9EF0-AAB80A7CC60D}.Release|Any CPU.ActiveCfg = Release|Any CPU
		{61E74A93-DF64-49E0-9EF0-AAB80A7CC60D}.Release|Any CPU.Build.0 = Release|Any CPU
	EndGlobalSection
	GlobalSection(SolutionProperties) = preSolution
		HideSolutionNode = FALSE
	EndGlobalSection
	GlobalSection(ExtensibilityGlobals) = postSolution
		SolutionGuid = {8490955A-52BB-4AC5-A593-BD4499DBFE2C}
	EndGlobalSection
EndGlobal
