
Microsoft Visual Studio Solution File, Format Version 12.00
# Visual Studio Version 17
VisualStudioVersion = 17.14.36518.9 d17.14
MinimumVisualStudioVersion = 10.0.40219.1
Project("{FAE04EC0-301F-11D3-BF4B-00C04F79EFBC}") = "Assessment1.Exercise1", "Assessment1.Exercise1\Assessment1.Exercise1.csproj", "{7DA2A6D0-EFD6-4A47-8768-BF1A1EECBE73}"
EndProject
Global
	GlobalSection(SolutionConfigurationPlatforms) = preSolution
		Debug|Any CPU = Debug|Any CPU
		Release|Any CPU = Release|Any CPU
	EndGlobalSection
	GlobalSection(ProjectConfigurationPlatforms) = postSolution
		{7DA2A6D0-EFD6-4A47-8768-BF1A1EECBE73}.Debug|Any CPU.ActiveCfg = Debug|Any CPU
		{7DA2A6D0-EFD6-4A47-8768-BF1A1EECBE73}.Debug|Any CPU.Build.0 = Debug|Any CPU
		{7DA2A6D0-EFD6-4A47-8768-BF1A1EECBE73}.Release|Any CPU.ActiveCfg = Release|Any CPU
		{7DA2A6D0-EFD6-4A47-8768-BF1A1EECBE73}.Release|Any CPU.Build.0 = Release|Any CPU
	EndGlobalSection
	GlobalSection(SolutionProperties) = preSolution
		HideSolutionNode = FALSE
	EndGlobalSection
	GlobalSection(ExtensibilityGlobals) = postSolution
		SolutionGuid = {8490955A-52BB-4AC5-A593-BD4499DBFE2C}
	EndGlobalSection
EndGlobal
